
Microsoft Visual Studio Solution File, Format Version 12.00
# Visual Studio Version 17
VisualStudioVersion = 17.0.31903.59
MinimumVisualStudioVersion = 10.0.40219.1
Project("{2150E333-8FDC-42A3-9474-1A3956D46DE8}") = "src", "src", "{827E0CD3-B72D-47B6-A68D-7590B98EB39B}"
EndProject
Project("{FAE04EC0-301F-11D3-BF4B-00C04F79EFBC}") = "EduZim.Domain", "src\EduZim.Domain\EduZim.Domain.csproj", "{7D618A3E-3BE8-497C-8BF1-6C994AE5A185}"
EndProject
Project("{FAE04EC0-301F-11D3-BF4B-00C04F79EFBC}") = "EduZim.Application", "src\EduZim.Application\EduZim.Application.csproj", "{7D93BDF5-0800-4979-AF6D-F2DAA0374A8D}"
EndProject
Project("{FAE04EC0-301F-11D3-BF4B-00C04F79EFBC}") = "EduZim.Infrastructure", "src\EduZim.Infrastructure\EduZim.Infrastructure.csproj", "{80DE5C6D-5A9B-44D1-B374-AA1B41458189}"
EndProject
Project("{FAE04EC0-301F-11D3-BF4B-00C04F79EFBC}") = "EduZim.API", "src\EduZim.API\EduZim.API.csproj", "{ABAB4F1A-50DA-496D-8B4A-2F68D9773E97}"
EndProject
Project("{2150E333-8FDC-42A3-9474-1A3956D46DE8}") = "tests", "tests", "{0AB3BF05-4346-4AA6-1389-037BE0695223}"
EndProject
Project("{FAE04EC0-301F-11D3-BF4B-00C04F79EFBC}") = "EduZim.Tests.Unit", "tests\EduZim.Tests.Unit\EduZim.Tests.Unit.csproj", "{6CC942CA-2A14-4C62-AD87-81BDD7435AEE}"
EndProject
Project("{FAE04EC0-301F-11D3-BF4B-00C04F79EFBC}") = "EduZim.Tests.Integration", "tests\EduZim.Tests.Integration\EduZim.Tests.Integration.csproj", "{5AE7A20C-D201-4E26-B108-062D9B67AF8D}"
EndProject
Project("{FAE04EC0-301F-11D3-BF4B-00C04F79EFBC}") = "EduZim.Tests.Properties", "tests\EduZim.Tests.Properties\EduZim.Tests.Properties.csproj", "{F9BE26BD-E089-488B-9A68-EABF19A006B5}"
EndProject
Global
	GlobalSection(SolutionConfigurationPlatforms) = preSolution
		Debug|Any CPU = Debug|Any CPU
		Debug|x64 = Debug|x64
		Debug|x86 = Debug|x86
		Release|Any CPU = Release|Any CPU
		Release|x64 = Release|x64
		Release|x86 = Release|x86
	EndGlobalSection
	GlobalSection(ProjectConfigurationPlatforms) = postSolution
		{7D618A3E-3BE8-497C-8BF1-6C994AE5A185}.Debug|Any CPU.ActiveCfg = Debug|Any CPU
		{7D618A3E-3BE8-497C-8BF1-6C994AE5A185}.Debug|Any CPU.Build.0 = Debug|Any CPU
		{7D618A3E-3BE8-497C-8BF1-6C994AE5A185}.Debug|x64.ActiveCfg = Debug|Any CPU
		{7D618A3E-3BE8-497C-8BF1-6C994AE5A185}.Debug|x64.Build.0 = Debug|Any CPU
		{7D618A3E-3BE8-497C-8BF1-6C994AE5A185}.Debug|x86.ActiveCfg = Debug|Any CPU
		{7D618A3E-3BE8-497C-8BF1-6C994AE5A185}.Debug|x86.Build.0 = Debug|Any CPU
		{7D618A3E-3BE8-497C-8BF1-6C994AE5A185}.Release|Any CPU.ActiveCfg = Release|Any CPU
		{7D618A3E-3BE8-497C-8BF1-6C994AE5A185}.Release|Any CPU.Build.0 = Release|Any CPU
		{7D618A3E-3BE8-497C-8BF1-6C994AE5A185}.Release|x64.ActiveCfg = Release|Any CPU
		{7D618A3E-3BE8-497C-8BF1-6C994AE5A185}.Release|x64.Build.0 = Release|Any CPU
		{7D618A3E-3BE8-497C-8BF1-6C994AE5A185}.Release|x86.ActiveCfg = Release|Any CPU
		{7D618A3E-3BE8-497C-8BF1-6C994AE5A185}.Release|x86.Build.0 = Release|Any CPU
		{7D93BDF5-0800-4979-AF6D-F2DAA0374A8D}.Debug|Any CPU.ActiveCfg = Debug|Any CPU
		{7D93BDF5-0800-4979-AF6D-F2DAA0374A8D}.Debug|Any CPU.Build.0 = Debug|Any CPU
		{7D93BDF5-0800-4979-AF6D-F2DAA0374A8D}.Debug|x64.ActiveCfg = Debug|Any CPU
		{7D93BDF5-0800-4979-AF6D-F2DAA0374A8D}.Debug|x64.Build.0 = Debug|Any CPU
		{7D93BDF5-0800-4979-AF6D-F2DAA0374A8D}.Debug|x86.ActiveCfg = Debug|Any CPU
		{7D93BDF5-0800-4979-AF6D-F2DAA0374A8D}.Debug|x86.Build.0 = Debug|Any CPU
		{7D93BDF5-0800-4979-AF6D-F2DAA0374A8D}.Release|Any CPU.ActiveCfg = Release|Any CPU
		{7D93BDF5-0800-4979-AF6D-F2DAA0374A8D}.Release|Any CPU.Build.0 = Release|Any CPU
		{7D93BDF5-0800-4979-AF6D-F2DAA0374A8D}.Release|x64.ActiveCfg = Release|Any CPU
		{7D93BDF5-0800-4979-AF6D-F2DAA0374A8D}.Release|x64.Build.0 = Release|Any CPU
		{7D93BDF5-0800-4979-AF6D-F2DAA0374A8D}.Release|x86.ActiveCfg = Release|Any CPU
		{7D93BDF5-0800-4979-AF6D-F2DAA0374A8D}.Release|x86.Build.0 = Release|Any CPU
		{80DE5C6D-5A9B-44D1-B374-AA1B41458189}.Debug|Any CPU.ActiveCfg = Debug|Any CPU
		{80DE5C6D-5A9B-44D1-B374-AA1B41458189}.Debug|Any CPU.Build.0 = Debug|Any CPU
		{80DE5C6D-5A9B-44D1-B374-AA1B41458189}.Debug|x64.ActiveCfg = Debug|Any CPU
		{80DE5C6D-5A9B-44D1-B374-AA1B41458189}.Debug|x64.Build.0 = Debug|Any CPU
		{80DE5C6D-5A9B-44D1-B374-AA1B41458189}.Debug|x86.ActiveCfg = Debug|Any CPU
		{80DE5C6D-5A9B-44D1-B374-AA1B41458189}.Debug|x86.Build.0 = Debug|Any CPU
		{80DE5C6D-5A9B-44D1-B374-AA1B41458189}.Release|Any CPU.ActiveCfg = Release|Any CPU
		{80DE5C6D-5A9B-44D1-B374-AA1B41458189}.Release|Any CPU.Build.0 = Release|Any CPU
		{80DE5C6D-5A9B-44D1-B374-AA1B41458189}.Release|x64.ActiveCfg = Release|Any CPU
		{80DE5C6D-5A9B-44D1-B374-AA1B41458189}.Release|x64.Build.0 = Release|Any CPU
		{80DE5C6D-5A9B-44D1-B374-AA1B41458189}.Release|x86.ActiveCfg = Release|Any CPU
		{80DE5C6D-5A9B-44D1-B374-AA1B41458189}.Release|x86.Build.0 = Release|Any CPU
		{ABAB4F1A-50DA-496D-8B4A-2F68D9773E97}.Debug|Any CPU.ActiveCfg = Debug|Any CPU
		{ABAB4F1A-50DA-496D-8B4A-2F68D9773E97}.Debug|Any CPU.Build.0 = Debug|Any CPU
		{ABAB4F1A-50DA-496D-8B4A-2F68D9773E97}.Debug|x64.ActiveCfg = Debug|Any CPU
		{ABAB4F1A-50DA-496D-8B4A-2F68D9773E97}.Debug|x64.Build.0 = Debug|Any CPU
		{ABAB4F1A-50DA-496D-8B4A-2F68D9773E97}.Debug|x86.ActiveCfg = Debug|Any CPU
		{ABAB4F1A-50DA-496D-8B4A-2F68D9773E97}.Debug|x86.Build.0 = Debug|Any CPU
		{ABAB4F1A-50DA-496D-8B4A-2F68D9773E97}.Release|Any CPU.ActiveCfg = Release|Any CPU
		{ABAB4F1A-50DA-496D-8B4A-2F68D9773E97}.Release|Any CPU.Build.0 = Release|Any CPU
		{ABAB4F1A-50DA-496D-8B4A-2F68D9773E97}.Release|x64.ActiveCfg = Release|Any CPU
		{ABAB4F1A-50DA-496D-8B4A-2F68D9773E97}.Release|x64.Build.0 = Release|Any CPU
		{ABAB4F1A-50DA-496D-8B4A-2F68D9773E97}.Release|x86.ActiveCfg = Release|Any CPU
		{ABAB4F1A-50DA-496D-8B4A-2F68D9773E97}.Release|x86.Build.0 = Release|Any CPU
		{6CC942CA-2A14-4C62-AD87-81BDD7435AEE}.Debug|Any CPU.ActiveCfg = Debug|Any CPU
		{6CC942CA-2A14-4C62-AD87-81BDD7435AEE}.Debug|Any CPU.Build.0 = Debug|Any CPU
		{6CC942CA-2A14-4C62-AD87-81BDD7435AEE}.Debug|x64.ActiveCfg = Debug|Any CPU
		{6CC942CA-2A14-4C62-AD87-81BDD7435AEE}.Debug|x64.Build.0 = Debug|Any CPU
		{6CC942CA-2A14-4C62-AD87-81BDD7435AEE}.Debug|x86.ActiveCfg = Debug|Any CPU
		{6CC942CA-2A14-4C62-AD87-81BDD7435AEE}.Debug|x86.Build.0 = Debug|Any CPU
		{6CC942CA-2A14-4C62-AD87-81BDD7435AEE}.Release|Any CPU.ActiveCfg = Release|Any CPU
		{6CC942CA-2A14-4C62-AD87-81BDD7435AEE}.Release|Any CPU.Build.0 = Release|Any CPU
		{6CC942CA-2A14-4C62-AD87-81BDD7435AEE}.Release|x64.ActiveCfg = Release|Any CPU
		{6CC942CA-2A14-4C62-AD87-81BDD7435AEE}.Release|x64.Build.0 = Release|Any CPU
		{6CC942CA-2A14-4C62-AD87-81BDD7435AEE}.Release|x86.ActiveCfg = Release|Any CPU
		{6CC942CA-2A14-4C62-AD87-81BDD7435AEE}.Release|x86.Build.0 = Release|Any CPU
		{5AE7A20C-D201-4E26-B108-062D9B67AF8D}.Debug|Any CPU.ActiveCfg = Debug|Any CPU
		{5AE7A20C-D201-4E26-B108-062D9B67AF8D}.Debug|Any CPU.Build.0 = Debug|Any CPU
		{5AE7A20C-D201-4E26-B108-062D9B67AF8D}.Debug|x64.ActiveCfg = Debug|Any CPU
		{5AE7A20C-D201-4E26-B108-062D9B67AF8D}.Debug|x64.Build.0 = Debug|Any CPU
		{5AE7A20C-D201-4E26-B108-062D9B67AF8D}.Debug|x86.ActiveCfg = Debug|Any CPU
		{5AE7A20C-D201-4E26-B108-062D9B67AF8D}.Debug|x86.Build.0 = Debug|Any CPU
		{5AE7A20C-D201-4E26-B108-062D9B67AF8D}.Release|Any CPU.ActiveCfg = Release|Any CPU
		{5AE7A20C-D201-4E26-B108-062D9B67AF8D}.Release|Any CPU.Build.0 = Release|Any CPU
		{5AE7A20C-D201-4E26-B108-062D9B67AF8D}.Release|x64.ActiveCfg = Release|Any CPU
		{5AE7A20C-D201-4E26-B108-062D9B67AF8D}.Release|x64.Build.0 = Release|Any CPU
		{5AE7A20C-D201-4E26-B108-062D9B67AF8D}.Release|x86.ActiveCfg = Release|Any CPU
		{5AE7A20C-D201-4E26-B108-062D9B67AF8D}.Release|x86.Build.0 = Release|Any CPU
		{F9BE26BD-E089-488B-9A68-EABF19A006B5}.Debug|Any CPU.ActiveCfg = Debug|Any CPU
		{F9BE26BD-E089-488B-9A68-EABF19A006B5}.Debug|Any CPU.Build.0 = Debug|Any CPU
		{F9BE26BD-E089-488B-9A68-EABF19A006B5}.Debug|x64.ActiveCfg = Debug|Any CPU
		{F9BE26BD-E089-488B-9A68-EABF19A006B5}.Debug|x64.Build.0 = Debug|Any CPU
		{F9BE26BD-E089-488B-9A68-EABF19A006B5}.Debug|x86.ActiveCfg = Debug|Any CPU
		{F9BE26BD-E089-488B-9A68-EABF19A006B5}.Debug|x86.Build.0 = Debug|Any CPU
		{F9BE26BD-E089-488B-9A68-EABF19A006B5}.Release|Any CPU.ActiveCfg = Release|Any CPU
		{F9BE26BD-E089-488B-9A68-EABF19A006B5}.Release|Any CPU.Build.0 = Release|Any CPU
		{F9BE26BD-E089-488B-9A68-EABF19A006B5}.Release|x64.ActiveCfg = Release|Any CPU
		{F9BE26BD-E089-488B-9A68-EABF19A006B5}.Release|x64.Build.0 = Release|Any CPU
		{F9BE26BD-E089-488B-9A68-EABF19A006B5}.Release|x86.ActiveCfg = Release|Any CPU
		{F9BE26BD-E089-488B-9A68-EABF19A006B5}.Release|x86.Build.0 = Release|Any CPU
	EndGlobalSection
	GlobalSection(SolutionProperties) = preSolution
		HideSolutionNode = FALSE
	EndGlobalSection
	GlobalSection(NestedProjects) = preSolution
		{7D618A3E-3BE8-497C-8BF1-6C994AE5A185} = {827E0CD3-B72D-47B6-A68D-7590B98EB39B}
		{7D93BDF5-0800-4979-AF6D-F2DAA0374A8D} = {827E0CD3-B72D-47B6-A68D-7590B98EB39B}
		{80DE5C6D-5A9B-44D1-B374-AA1B41458189} = {827E0CD3-B72D-47B6-A68D-7590B98EB39B}
		{ABAB4F1A-50DA-496D-8B4A-2F68D9773E97} = {827E0CD3-B72D-47B6-A68D-7590B98EB39B}
		{6CC942CA-2A14-4C62-AD87-81BDD7435AEE} = {0AB3BF05-4346-4AA6-1389-037BE0695223}
		{5AE7A20C-D201-4E26-B108-062D9B67AF8D} = {0AB3BF05-4346-4AA6-1389-037BE0695223}
		{F9BE26BD-E089-488B-9A68-EABF19A006B5} = {0AB3BF05-4346-4AA6-1389-037BE0695223}
	EndGlobalSection
EndGlobal
